
Microsoft Visual Studio Solution File, Format Version 12.00
# Visual Studio 15
VisualStudioVersion = 15.0.26124.0
MinimumVisualStudioVersion = 15.0.26124.0
Project("{2150E333-8FDC-42A3-9474-1A3956D46DE8}") = "src", "src", "{7072B002-9218-4ECC-A417-4031AE748235}"
EndProject
Project("{FAE04EC0-301F-11D3-BF4B-00C04F79EFBC}") = "Domain", "src\Domain\Domain.csproj", "{77663E9A-478A-442C-ABD9-8228B9A77CBF}"
EndProject
Project("{FAE04EC0-301F-11D3-BF4B-00C04F79EFBC}") = "Data", "src\Data\Data.csproj", "{7A0E94C3-3E41-419F-8672-C2D3C0F1956D}"
EndProject
Project("{FAE04EC0-301F-11D3-BF4B-00C04F79EFBC}") = "Services", "src\Services\Services.csproj", "{180CF1E1-1601-484B-A054-D5140B6CB0F1}"
EndProject
Project("{FAE04EC0-301F-11D3-BF4B-00C04F79EFBC}") = "API", "src\API\API.csproj", "{FEB5A1A4-0BEC-41D3-BD43-87BBE033582D}"
EndProject
Project("{2150E333-8FDC-42A3-9474-1A3956D46DE8}") = "tests", "tests", "{7A2DA6F9-D399-4B19-B7DB-E25150AC47B1}"
EndProject
Project("{2150E333-8FDC-42A3-9474-1A3956D46DE8}") = "UnitTests", "UnitTests", "{4FD44767-3E6B-4D1A-9F70-76AD92B26072}"
EndProject
Project("{FAE04EC0-301F-11D3-BF4B-00C04F79EFBC}") = "Services.Tests", "tests\UnitTests\Services.Tests\Services.Tests.csproj", "{6D0C23BA-8929-4AEC-8481-81F01D63E06A}"
EndProject
Project("{FAE04EC0-301F-11D3-BF4B-00C04F79EFBC}") = "API.Tests", "tests\UnitTests\API.Tests\API.Tests.csproj", "{1851AD4F-9A1B-442F-8A87-73615A3352BE}"
EndProject
Project("{FAE04EC0-301F-11D3-BF4B-00C04F79EFBC}") = "Data.Tests", "tests\UnitTests\Data.Tests\Data.Tests.csproj", "{FD92B7AA-8625-4498-B81F-47CB19258669}"
EndProject
Global
	GlobalSection(SolutionConfigurationPlatforms) = preSolution
		Debug|Any CPU = Debug|Any CPU
		Debug|x64 = Debug|x64
		Debug|x86 = Debug|x86
		Release|Any CPU = Release|Any CPU
		Release|x64 = Release|x64
		Release|x86 = Release|x86
	EndGlobalSection
	GlobalSection(SolutionProperties) = preSolution
		HideSolutionNode = FALSE
	EndGlobalSection
	GlobalSection(ProjectConfigurationPlatforms) = postSolution
		{77663E9A-478A-442C-ABD9-8228B9A77CBF}.Debug|Any CPU.ActiveCfg = Debug|Any CPU
		{77663E9A-478A-442C-ABD9-8228B9A77CBF}.Debug|Any CPU.Build.0 = Debug|Any CPU
		{77663E9A-478A-442C-ABD9-8228B9A77CBF}.Debug|x64.ActiveCfg = Debug|Any CPU
		{77663E9A-478A-442C-ABD9-8228B9A77CBF}.Debug|x64.Build.0 = Debug|Any CPU
		{77663E9A-478A-442C-ABD9-8228B9A77CBF}.Debug|x86.ActiveCfg = Debug|Any CPU
		{77663E9A-478A-442C-ABD9-8228B9A77CBF}.Debug|x86.Build.0 = Debug|Any CPU
		{77663E9A-478A-442C-ABD9-8228B9A77CBF}.Release|Any CPU.ActiveCfg = Release|Any CPU
		{77663E9A-478A-442C-ABD9-8228B9A77CBF}.Release|Any CPU.Build.0 = Release|Any CPU
		{77663E9A-478A-442C-ABD9-8228B9A77CBF}.Release|x64.ActiveCfg = Release|Any CPU
		{77663E9A-478A-442C-ABD9-8228B9A77CBF}.Release|x64.Build.0 = Release|Any CPU
		{77663E9A-478A-442C-ABD9-8228B9A77CBF}.Release|x86.ActiveCfg = Release|Any CPU
		{77663E9A-478A-442C-ABD9-8228B9A77CBF}.Release|x86.Build.0 = Release|Any CPU
		{7A0E94C3-3E41-419F-8672-C2D3C0F1956D}.Debug|Any CPU.ActiveCfg = Debug|Any CPU
		{7A0E94C3-3E41-419F-8672-C2D3C0F1956D}.Debug|Any CPU.Build.0 = Debug|Any CPU
		{7A0E94C3-3E41-419F-8672-C2D3C0F1956D}.Debug|x64.ActiveCfg = Debug|Any CPU
		{7A0E94C3-3E41-419F-8672-C2D3C0F1956D}.Debug|x64.Build.0 = Debug|Any CPU
		{7A0E94C3-3E41-419F-8672-C2D3C0F1956D}.Debug|x86.ActiveCfg = Debug|Any CPU
		{7A0E94C3-3E41-419F-8672-C2D3C0F1956D}.Debug|x86.Build.0 = Debug|Any CPU
		{7A0E94C3-3E41-419F-8672-C2D3C0F1956D}.Release|Any CPU.ActiveCfg = Release|Any CPU
		{7A0E94C3-3E41-419F-8672-C2D3C0F1956D}.Release|Any CPU.Build.0 = Release|Any CPU
		{7A0E94C3-3E41-419F-8672-C2D3C0F1956D}.Release|x64.ActiveCfg = Release|Any CPU
		{7A0E94C3-3E41-419F-8672-C2D3C0F1956D}.Release|x64.Build.0 = Release|Any CPU
		{7A0E94C3-3E41-419F-8672-C2D3C0F1956D}.Release|x86.ActiveCfg = Release|Any CPU
		{7A0E94C3-3E41-419F-8672-C2D3C0F1956D}.Release|x86.Build.0 = Release|Any CPU
		{180CF1E1-1601-484B-A054-D5140B6CB0F1}.Debug|Any CPU.ActiveCfg = Debug|Any CPU
		{180CF1E1-1601-484B-A054-D5140B6CB0F1}.Debug|Any CPU.Build.0 = Debug|Any CPU
		{180CF1E1-1601-484B-A054-D5140B6CB0F1}.Debug|x64.ActiveCfg = Debug|Any CPU
		{180CF1E1-1601-484B-A054-D5140B6CB0F1}.Debug|x64.Build.0 = Debug|Any CPU
		{180CF1E1-1601-484B-A054-D5140B6CB0F1}.Debug|x86.ActiveCfg = Debug|Any CPU
		{180CF1E1-1601-484B-A054-D5140B6CB0F1}.Debug|x86.Build.0 = Debug|Any CPU
		{180CF1E1-1601-484B-A054-D5140B6CB0F1}.Release|Any CPU.ActiveCfg = Release|Any CPU
		{180CF1E1-1601-484B-A054-D5140B6CB0F1}.Release|Any CPU.Build.0 = Release|Any CPU
		{180CF1E1-1601-484B-A054-D5140B6CB0F1}.Release|x64.ActiveCfg = Release|Any CPU
		{180CF1E1-1601-484B-A054-D5140B6CB0F1}.Release|x64.Build.0 = Release|Any CPU
		{180CF1E1-1601-484B-A054-D5140B6CB0F1}.Release|x86.ActiveCfg = Release|Any CPU
		{180CF1E1-1601-484B-A054-D5140B6CB0F1}.Release|x86.Build.0 = Release|Any CPU
		{FEB5A1A4-0BEC-41D3-BD43-87BBE033582D}.Debug|Any CPU.ActiveCfg = Debug|Any CPU
		{FEB5A1A4-0BEC-41D3-BD43-87BBE033582D}.Debug|Any CPU.Build.0 = Debug|Any CPU
		{FEB5A1A4-0BEC-41D3-BD43-87BBE033582D}.Debug|x64.ActiveCfg = Debug|Any CPU
		{FEB5A1A4-0BEC-41D3-BD43-87BBE033582D}.Debug|x64.Build.0 = Debug|Any CPU
		{FEB5A1A4-0BEC-41D3-BD43-87BBE033582D}.Debug|x86.ActiveCfg = Debug|Any CPU
		{FEB5A1A4-0BEC-41D3-BD43-87BBE033582D}.Debug|x86.Build.0 = Debug|Any CPU
		{FEB5A1A4-0BEC-41D3-BD43-87BBE033582D}.Release|Any CPU.ActiveCfg = Release|Any CPU
		{FEB5A1A4-0BEC-41D3-BD43-87BBE033582D}.Release|Any CPU.Build.0 = Release|Any CPU
		{FEB5A1A4-0BEC-41D3-BD43-87BBE033582D}.Release|x64.ActiveCfg = Release|Any CPU
		{FEB5A1A4-0BEC-41D3-BD43-87BBE033582D}.Release|x64.Build.0 = Release|Any CPU
		{FEB5A1A4-0BEC-41D3-BD43-87BBE033582D}.Release|x86.ActiveCfg = Release|Any CPU
		{FEB5A1A4-0BEC-41D3-BD43-87BBE033582D}.Release|x86.Build.0 = Release|Any CPU
		{6D0C23BA-8929-4AEC-8481-81F01D63E06A}.Debug|Any CPU.ActiveCfg = Debug|Any CPU
		{6D0C23BA-8929-4AEC-8481-81F01D63E06A}.Debug|Any CPU.Build.0 = Debug|Any CPU
		{6D0C23BA-8929-4AEC-8481-81F01D63E06A}.Debug|x64.ActiveCfg = Debug|Any CPU
		{6D0C23BA-8929-4AEC-8481-81F01D63E06A}.Debug|x64.Build.0 = Debug|Any CPU
		{6D0C23BA-8929-4AEC-8481-81F01D63E06A}.Debug|x86.ActiveCfg = Debug|Any CPU
		{6D0C23BA-8929-4AEC-8481-81F01D63E06A}.Debug|x86.Build.0 = Debug|Any CPU
		{6D0C23BA-8929-4AEC-8481-81F01D63E06A}.Release|Any CPU.ActiveCfg = Release|Any CPU
		{6D0C23BA-8929-4AEC-8481-81F01D63E06A}.Release|Any CPU.Build.0 = Release|Any CPU
		{6D0C23BA-8929-4AEC-8481-81F01D63E06A}.Release|x64.ActiveCfg = Release|Any CPU
		{6D0C23BA-8929-4AEC-8481-81F01D63E06A}.Release|x64.Build.0 = Release|Any CPU
		{6D0C23BA-8929-4AEC-8481-81F01D63E06A}.Release|x86.ActiveCfg = Release|Any CPU
		{6D0C23BA-8929-4AEC-8481-81F01D63E06A}.Release|x86.Build.0 = Release|Any CPU
		{1851AD4F-9A1B-442F-8A87-73615A3352BE}.Debug|Any CPU.ActiveCfg = Debug|Any CPU
		{1851AD4F-9A1B-442F-8A87-73615A3352BE}.Debug|Any CPU.Build.0 = Debug|Any CPU
		{1851AD4F-9A1B-442F-8A87-73615A3352BE}.Debug|x64.ActiveCfg = Debug|Any CPU
		{1851AD4F-9A1B-442F-8A87-73615A3352BE}.Debug|x64.Build.0 = Debug|Any CPU
		{1851AD4F-9A1B-442F-8A87-73615A3352BE}.Debug|x86.ActiveCfg = Debug|Any CPU
		{1851AD4F-9A1B-442F-8A87-73615A3352BE}.Debug|x86.Build.0 = Debug|Any CPU
		{1851AD4F-9A1B-442F-8A87-73615A3352BE}.Release|Any CPU.ActiveCfg = Release|Any CPU
		{1851AD4F-9A1B-442F-8A87-73615A3352BE}.Release|Any CPU.Build.0 = Release|Any CPU
		{1851AD4F-9A1B-442F-8A87-73615A3352BE}.Release|x64.ActiveCfg = Release|Any CPU
		{1851AD4F-9A1B-442F-8A87-73615A3352BE}.Release|x64.Build.0 = Release|Any CPU
		{1851AD4F-9A1B-442F-8A87-73615A3352BE}.Release|x86.ActiveCfg = Release|Any CPU
		{1851AD4F-9A1B-442F-8A87-73615A3352BE}.Release|x86.Build.0 = Release|Any CPU
		{FD92B7AA-8625-4498-B81F-47CB19258669}.Debug|Any CPU.ActiveCfg = Debug|Any CPU
		{FD92B7AA-8625-4498-B81F-47CB19258669}.Debug|Any CPU.Build.0 = Debug|Any CPU
		{FD92B7AA-8625-4498-B81F-47CB19258669}.Debug|x64.ActiveCfg = Debug|Any CPU
		{FD92B7AA-8625-4498-B81F-47CB19258669}.Debug|x64.Build.0 = Debug|Any CPU
		{FD92B7AA-8625-4498-B81F-47CB19258669}.Debug|x86.ActiveCfg = Debug|Any CPU
		{FD92B7AA-8625-4498-B81F-47CB19258669}.Debug|x86.Build.0 = Debug|Any CPU
		{FD92B7AA-8625-4498-B81F-47CB19258669}.Release|Any CPU.ActiveCfg = Release|Any CPU
		{FD92B7AA-8625-4498-B81F-47CB19258669}.Release|Any CPU.Build.0 = Release|Any CPU
		{FD92B7AA-8625-4498-B81F-47CB19258669}.Release|x64.ActiveCfg = Release|Any CPU
		{FD92B7AA-8625-4498-B81F-47CB19258669}.Release|x64.Build.0 = Release|Any CPU
		{FD92B7AA-8625-4498-B81F-47CB19258669}.Release|x86.ActiveCfg = Release|Any CPU
		{FD92B7AA-8625-4498-B81F-47CB19258669}.Release|x86.Build.0 = Release|Any CPU
	EndGlobalSection
	GlobalSection(NestedProjects) = preSolution
		{77663E9A-478A-442C-ABD9-8228B9A77CBF} = {7072B002-9218-4ECC-A417-4031AE748235}
		{7A0E94C3-3E41-419F-8672-C2D3C0F1956D} = {7072B002-9218-4ECC-A417-4031AE748235}
		{180CF1E1-1601-484B-A054-D5140B6CB0F1} = {7072B002-9218-4ECC-A417-4031AE748235}
		{FEB5A1A4-0BEC-41D3-BD43-87BBE033582D} = {7072B002-9218-4ECC-A417-4031AE748235}
		{4FD44767-3E6B-4D1A-9F70-76AD92B26072} = {7A2DA6F9-D399-4B19-B7DB-E25150AC47B1}
		{6D0C23BA-8929-4AEC-8481-81F01D63E06A} = {4FD44767-3E6B-4D1A-9F70-76AD92B26072}
		{1851AD4F-9A1B-442F-8A87-73615A3352BE} = {4FD44767-3E6B-4D1A-9F70-76AD92B26072}
		{FD92B7AA-8625-4498-B81F-47CB19258669} = {4FD44767-3E6B-4D1A-9F70-76AD92B26072}
	EndGlobalSection
EndGlobal
